
Microsoft Visual Studio Solution File, Format Version 12.00
# Visual Studio Version 17
VisualStudioVersion = 17.9.34723.18
MinimumVisualStudioVersion = 10.0.40219.1
Project("{FAE04EC0-301F-11D3-BF4B-00C04F79EFBC}") = "CoreApiArch", "CoreApiArch\CoreApiArch.csproj", "{A68F456F-47F8-4BDA-B218-9D0A81FB7F90}"
EndProject
Project("{FAE04EC0-301F-11D3-BF4B-00C04F79EFBC}") = "business", "business\business.csproj", "{EF9D5F5A-354F-47F8-A932-45378C77803E}"
EndProject
Project("{FAE04EC0-301F-11D3-BF4B-00C04F79EFBC}") = "DataAccess", "DataAccess\DataAccess.csproj", "{5199783A-238B-4624-9438-0FA8BAE8D178}"
EndProject
Project("{FAE04EC0-301F-11D3-BF4B-00C04F79EFBC}") = "Core", "Core\Core.csproj", "{807A4ED3-5865-4C42-A97F-5622773BD19E}"
EndProject
Global
	GlobalSection(SolutionConfigurationPlatforms) = preSolution
		Debug|Any CPU = Debug|Any CPU
		Release|Any CPU = Release|Any CPU
	EndGlobalSection
	GlobalSection(ProjectConfigurationPlatforms) = postSolution
		{A68F456F-47F8-4BDA-B218-9D0A81FB7F90}.Debug|Any CPU.ActiveCfg = Debug|Any CPU
		{A68F456F-47F8-4BDA-B218-9D0A81FB7F90}.Debug|Any CPU.Build.0 = Debug|Any CPU
		{A68F456F-47F8-4BDA-B218-9D0A81FB7F90}.Release|Any CPU.ActiveCfg = Release|Any CPU
		{A68F456F-47F8-4BDA-B218-9D0A81FB7F90}.Release|Any CPU.Build.0 = Release|Any CPU
		{EF9D5F5A-354F-47F8-A932-45378C77803E}.Debug|Any CPU.ActiveCfg = Debug|Any CPU
		{EF9D5F5A-354F-47F8-A932-45378C77803E}.Debug|Any CPU.Build.0 = Debug|Any CPU
		{EF9D5F5A-354F-47F8-A932-45378C77803E}.Release|Any CPU.ActiveCfg = Release|Any CPU
		{EF9D5F5A-354F-47F8-A932-45378C77803E}.Release|Any CPU.Build.0 = Release|Any CPU
		{5199783A-238B-4624-9438-0FA8BAE8D178}.Debug|Any CPU.ActiveCfg = Debug|Any CPU
		{5199783A-238B-4624-9438-0FA8BAE8D178}.Debug|Any CPU.Build.0 = Debug|Any CPU
		{5199783A-238B-4624-9438-0FA8BAE8D178}.Release|Any CPU.ActiveCfg = Release|Any CPU
		{5199783A-238B-4624-9438-0FA8BAE8D178}.Release|Any CPU.Build.0 = Release|Any CPU
		{807A4ED3-5865-4C42-A97F-5622773BD19E}.Debug|Any CPU.ActiveCfg = Debug|Any CPU
		{807A4ED3-5865-4C42-A97F-5622773BD19E}.Debug|Any CPU.Build.0 = Debug|Any CPU
		{807A4ED3-5865-4C42-A97F-5622773BD19E}.Release|Any CPU.ActiveCfg = Release|Any CPU
		{807A4ED3-5865-4C42-A97F-5622773BD19E}.Release|Any CPU.Build.0 = Release|Any CPU
	EndGlobalSection
	GlobalSection(SolutionProperties) = preSolution
		HideSolutionNode = FALSE
	EndGlobalSection
	GlobalSection(ExtensibilityGlobals) = postSolution
		SolutionGuid = {1D453C6E-6D41-41D0-BE4E-256B2FCD14D2}
	EndGlobalSection
EndGlobal
